PODS:
  - Masonry (1.1.0)
  - module_login (0.1.2)
  - SVPullToRefresh (0.4.1)

DEPENDENCIES:
  - Masonry
  - module_login (from `./module_login`)
  - SVPullToRefresh

EXTERNAL SOURCES:
  module_login:
    :path: ./module_login

SPEC CHECKSUMS:
  Masonry: 678fab65091a9290e40e2832a55e7ab731aad201
  module_login: 67a3c1ec85c18a9a1fa4e696b000450d0d1462fd
  SVPullToRefresh: ba2e718695a43253d8bea6852d2960097dc15d8c

PODFILE CHECKSUM: d04ac34eb7c52fb644d851cdd35e6b6d0e65091e

COCOAPODS: 1.4.0
